
Microsoft Visual Studio Solution File, Format Version 12.00
# Visual Studio Version 17
VisualStudioVersion = 17.14.36301.6 d17.14
MinimumVisualStudioVersion = 10.0.40219.1
Project("{FAE04EC0-301F-11D3-BF4B-00C04F79EFBC}") = "mcp.server", "mcp.server\mcp.server.csproj", "{CFD00596-10AF-4DEE-B3AD-8F715A6D0BC0}"
EndProject
Project("{FAE04EC0-301F-11D3-BF4B-00C04F79EFBC}") = "mcp.client", "mcp.client\mcp.client.csproj", "{3846E95B-2EA1-4155-9000-86C0060BCAB6}"
EndProject
Project("{FAE04EC0-301F-11D3-BF4B-00C04F79EFBC}") = "mcp.tools", "mcp.tools\mcp.tools.csproj", "{1C9372CD-FE94-42FC-AC1D-F6C58E863C64}"
EndProject
Global
	GlobalSection(SolutionConfigurationPlatforms) = preSolution
		Debug|Any CPU = Debug|Any CPU
		Release|Any CPU = Release|Any CPU
	EndGlobalSection
	GlobalSection(ProjectConfigurationPlatforms) = postSolution
		{CFD00596-10AF-4DEE-B3AD-8F715A6D0BC0}.Debug|Any CPU.ActiveCfg = Debug|Any CPU
		{CFD00596-10AF-4DEE-B3AD-8F715A6D0BC0}.Debug|Any CPU.Build.0 = Debug|Any CPU
		{CFD00596-10AF-4DEE-B3AD-8F715A6D0BC0}.Release|Any CPU.ActiveCfg = Release|Any CPU
		{CFD00596-10AF-4DEE-B3AD-8F715A6D0BC0}.Release|Any CPU.Build.0 = Release|Any CPU
		{3846E95B-2EA1-4155-9000-86C0060BCAB6}.Debug|Any CPU.ActiveCfg = Debug|Any CPU
		{3846E95B-2EA1-4155-9000-86C0060BCAB6}.Debug|Any CPU.Build.0 = Debug|Any CPU
		{3846E95B-2EA1-4155-9000-86C0060BCAB6}.Release|Any CPU.ActiveCfg = Release|Any CPU
		{3846E95B-2EA1-4155-9000-86C0060BCAB6}.Release|Any CPU.Build.0 = Release|Any CPU
		{1C9372CD-FE94-42FC-AC1D-F6C58E863C64}.Debug|Any CPU.ActiveCfg = Debug|Any CPU
		{1C9372CD-FE94-42FC-AC1D-F6C58E863C64}.Debug|Any CPU.Build.0 = Debug|Any CPU
		{1C9372CD-FE94-42FC-AC1D-F6C58E863C64}.Release|Any CPU.ActiveCfg = Release|Any CPU
		{1C9372CD-FE94-42FC-AC1D-F6C58E863C64}.Release|Any CPU.Build.0 = Release|Any CPU
	EndGlobalSection
	GlobalSection(SolutionProperties) = preSolution
		HideSolutionNode = FALSE
	EndGlobalSection
	GlobalSection(ExtensibilityGlobals) = postSolution
		SolutionGuid = {C121D74A-76A0-47E0-B267-C860459DA81B}
	EndGlobalSection
EndGlobal
